
Microsoft Visual Studio Solution File, Format Version 12.00
# Visual Studio Version 17
VisualStudioVersion = 17.4.33110.190
MinimumVisualStudioVersion = 10.0.40219.1
Project("{FAE04EC0-301F-11D3-BF4B-00C04F79EFBC}") = "VidDownloder", "VidDownloder\VidDownloder.csproj", "{08E8C1EC-051C-4911-97D0-61C6B011A0AD}"
EndProject
Global
	GlobalSection(SolutionConfigurationPlatforms) = preSolution
		Debug|Any CPU = Debug|Any CPU
		Release|Any CPU = Release|Any CPU
	EndGlobalSection
	GlobalSection(ProjectConfigurationPlatforms) = postSolution
		{08E8C1EC-051C-4911-97D0-61C6B011A0AD}.Debug|Any CPU.ActiveCfg = Debug|Any CPU
		{08E8C1EC-051C-4911-97D0-61C6B011A0AD}.Debug|Any CPU.Build.0 = Debug|Any CPU
		{08E8C1EC-051C-4911-97D0-61C6B011A0AD}.Release|Any CPU.ActiveCfg = Release|Any CPU
		{08E8C1EC-051C-4911-97D0-61C6B011A0AD}.Release|Any CPU.Build.0 = Release|Any CPU
	EndGlobalSection
	GlobalSection(SolutionProperties) = preSolution
		HideSolutionNode = FALSE
	EndGlobalSection
	GlobalSection(ExtensibilityGlobals) = postSolution
		SolutionGuid = {0207C01A-3931-446B-91BC-7F02DE21F15C}
	EndGlobalSection
EndGlobal
